// !$*UTF8*$!
{
	archiveVersion = 1;
	classes = {
	};
	objectVersion = 46;
	objects = {

/* Begin PBXBuildFile section */
		351DB1531BB924A0006FF345 /* House.m in Sources */ = {isa = PBXBuildFile; fileRef = 351DB1501BB924A0006FF345 /* House.m */; };
		351DB1541BB924A0006FF345 /* Father.m in Sources */ = {isa = PBXBuildFile; fileRef = 351DB1521BB924A0006FF345 /* Father.m */; };
		35F2B8631BB4E0CF00FB70CC /* main.m in Sources */ = {isa = PBXBuildFile; fileRef = 35F2B8621BB4E0CF00FB70CC /* main.m */; };
		35F2B8661BB4E0CF00FB70CC /* AppDelegate.m in Sources */ = {isa = PBXBuildFile; fileRef = 35F2B8651BB4E0CF00FB70CC /* AppDelegate.m */; };
		35F2B8691BB4E0CF00FB70CC /* ViewController.m in Sources */ = {isa = PBXBuildFile; fileRef = 35F2B8681BB4E0CF00FB70CC /* ViewController.m */; };
		35F2B86C1BB4E0CF00FB70CC /* Main.storyboard in Resources */ = {isa = PBXBuildFile; fileRef = 35F2B86A1BB4E0CF00FB70CC /* Main.storyboard */; };
		35F2B86E1BB4E0CF00FB70CC /* Images.xcassets in Resources */ = {isa = PBXBuildFile; fileRef = 35F2B86D1BB4E0CF00FB70CC /* Images.xcassets */; };
		35F2B8711BB4E0CF00FB70CC /* LaunchScreen.xib in Resources */ = {isa = PBXBuildFile; fileRef = 35F2B86F1BB4E0CF00FB70CC /* LaunchScreen.xib */; };
		35F2B87D1BB4E0CF00FB70CC /* CoreDataTestTests.m in Sources */ = {isa = PBXBuildFile; fileRef = 35F2B87C1BB4E0CF00FB70CC /* CoreDataTestTests.m */; };
		35F2B8881BB4E59300FB70CC /* TestDataModel.xcdatamodeld in Sources */ = {isa = PBXBuildFile; fileRef = 35F2B8861BB4E59300FB70CC /* TestDataModel.xcdatamodeld */; };
		35F2B88E1BB4E74A00FB70CC /* Person.m in Sources */ = {isa = PBXBuildFile; fileRef = 35F2B88D1BB4E74A00FB70CC /* Person.m */; };
		35F2B8931BB5264800FB70CC /* Child.m in Sources */ = {isa = PBXBuildFile; fileRef = 35F2B8921BB5264800FB70CC /* Child.m */; };
		76501999D09C187044D83320 /* libPods.a in Frameworks */ = {isa = PBXBuildFile; fileRef = D7EF0DC088D31709274D92C5 /* libPods.a */; };
/* End PBXBuildFile section */

/* Begin PBXContainerItemProxy section */
		35F2B8771BB4E0CF00FB70CC /* PBXContainerItemProxy */ = {
			isa = PBXContainerItemProxy;
			containerPortal = 35F2B8551BB4E0CE00FB70CC /* Project object */;
			proxyType = 1;
			remoteGlobalIDString = 35F2B85C1BB4E0CF00FB70CC;
			remoteInfo = CoreDataTest;
		};
/* End PBXContainerItemProxy section */

/* Begin PBXFileReference section */
		351DB14F1BB924A0006FF345 /* House.h */ = {isa = PBXFileReference; fileEncoding = 4; lastKnownFileType = sourcecode.c.h; name = House.h; path = ../House.h; sourceTree = "<group>"; };
		351DB1501BB924A0006FF345 /* House.m */ = {isa = PBXFileReference; fileEncoding = 4; lastKnownFileType = sourcecode.c.objc; name = House.m; path = ../House.m; sourceTree = "<group>"; };
		351DB1511BB924A0006FF345 /* Father.h */ = {isa = PBXFileReference; fileEncoding = 4; lastKnownFileType = sourcecode.c.h; name = Father.h; path = ../Father.h; sourceTree = "<group>"; };
		351DB1521BB924A0006FF345 /* Father.m */ = {isa = PBXFileReference; fileEncoding = 4; lastKnownFileType = sourcecode.c.objc; name = Father.m; path = ../Father.m; sourceTree = "<group>"; };
		35F2B85D1BB4E0CF00FB70CC /* CoreDataTest.app */ = {isa = PBXFileReference; explicitFileType = wrapper.application; includeInIndex = 0; path = CoreDataTest.app; sourceTree = BUILT_PRODUCTS_DIR; };
		35F2B8611BB4E0CF00FB70CC /* Info.plist */ = {isa = PBXFileReference; lastKnownFileType = text.plist.xml; path = Info.plist; sourceTree = "<group>"; };
		35F2B8621BB4E0CF00FB70CC /* main.m */ = {isa = PBXFileReference; lastKnownFileType = sourcecode.c.objc; path = main.m; sourceTree = "<group>"; };
		35F2B8641BB4E0CF00FB70CC /* AppDelegate.h */ = {isa = PBXFileReference; lastKnownFileType = sourcecode.c.h; path = AppDelegate.h; sourceTree = "<group>"; };
		35F2B8651BB4E0CF00FB70CC /* AppDelegate.m */ = {isa = PBXFileReference; lastKnownFileType = sourcecode.c.objc; path = AppDelegate.m; sourceTree = "<group>"; };
		35F2B8671BB4E0CF00FB70CC /* ViewController.h */ = {isa = PBXFileReference; lastKnownFileType = sourcecode.c.h; path = ViewController.h; sourceTree = "<group>"; };
		35F2B8681BB4E0CF00FB70CC /* ViewController.m */ = {isa = PBXFileReference; lastKnownFileType = sourcecode.c.objc; path = ViewController.m; sourceTree = "<group>"; };
		35F2B86B1BB4E0CF00FB70CC /* Base */ = {isa = PBXFileReference; lastKnownFileType = file.storyboard; name = Base; path = Base.lproj/Main.storyboard; sourceTree = "<group>"; };
		35F2B86D1BB4E0CF00FB70CC /* Images.xcassets */ = {isa = PBXFileReference; lastKnownFileType = folder.assetcatalog; path = Images.xcassets; sourceTree = "<group>"; };
		35F2B8701BB4E0CF00FB70CC /* Base */ = {isa = PBXFileReference; lastKnownFileType = file.xib; name = Base; path = Base.lproj/LaunchScreen.xib; sourceTree = "<group>"; };
		35F2B8761BB4E0CF00FB70CC /* CoreDataTestTests.xctest */ = {isa = PBXFileReference; explicitFileType = wrapper.cfbundle; includeInIndex = 0; path = CoreDataTestTests.xctest; sourceTree = BUILT_PRODUCTS_DIR; };
		35F2B87B1BB4E0CF00FB70CC /* Info.plist */ = {isa = PBXFileReference; lastKnownFileType = text.plist.xml; path = Info.plist; sourceTree = "<group>"; };
		35F2B87C1BB4E0CF00FB70CC /* CoreDataTestTests.m */ = {isa = PBXFileReference; lastKnownFileType = sourcecode.c.objc; path = CoreDataTestTests.m; sourceTree = "<group>"; };
		35F2B8871BB4E59300FB70CC /* TestDataModel.xcdatamodel */ = {isa = PBXFileReference; lastKnownFileType = wrapper.xcdatamodel; path = TestDataModel.xcdatamodel; sourceTree = "<group>"; };
		35F2B88C1BB4E74A00FB70CC /* Person.h */ = {isa = PBXFileReference; fileEncoding = 4; lastKnownFileType = sourcecode.c.h; path = Person.h; sourceTree = "<group>"; };
		35F2B88D1BB4E74A00FB70CC /* Person.m */ = {isa = PBXFileReference; fileEncoding = 4; lastKnownFileType = sourcecode.c.objc; path = Person.m; sourceTree = "<group>"; };
		35F2B8901BB4E80200FB70CC /* CoreDataTest-Prefix.pch */ = {isa = PBXFileReference; fileEncoding = 4; lastKnownFileType = sourcecode.c.h; path = "CoreDataTest-Prefix.pch"; sourceTree = "<group>"; };
		35F2B8911BB5264800FB70CC /* Child.h */ = {isa = PBXFileReference; fileEncoding = 4; lastKnownFileType = sourcecode.c.h; name = Child.h; path = ../Child.h; sourceTree = "<group>"; };
		35F2B8921BB5264800FB70CC /* Child.m */ = {isa = PBXFileReference; fileEncoding = 4; lastKnownFileType = sourcecode.c.objc; name = Child.m; path = ../Child.m; sourceTree = "<group>"; };
		48B27FBA5E879C6FC46F569B /* Pods.release.xcconfig */ = {isa = PBXFileReference; includeInIndex = 1; lastKnownFileType = text.xcconfig; name = Pods.release.xcconfig; path = "Pods/Target Support Files/Pods/Pods.release.xcconfig"; sourceTree = "<group>"; };
		7739E18C2FE4D2041EE4C1E6 /* Pods.debug.xcconfig */ = {isa = PBXFileReference; includeInIndex = 1; lastKnownFileType = text.xcconfig; name = Pods.debug.xcconfig; path = "Pods/Target Support Files/Pods/Pods.debug.xcconfig"; sourceTree = "<group>"; };
		D7EF0DC088D31709274D92C5 /* libPods.a */ = {isa = PBXFileReference; explicitFileType = archive.ar; includeInIndex = 0; path = libPods.a; sourceTree = BUILT_PRODUCTS_DIR; };
/* End PBXFileReference section */

/* Begin PBXFrameworksBuildPhase section */
		35F2B85A1BB4E0CF00FB70CC /* Frameworks */ = {
			isa = PBXFrameworksBuildPhase;
			buildActionMask = 2147483647;
			files = (
				76501999D09C187044D83320 /* libPods.a in Frameworks */,
			);
			runOnlyForDeploymentPostprocessing = 0;
		};
		35F2B8731BB4E0CF00FB70CC /* Frameworks */ = {
			isa = PBXFrameworksBuildPhase;
			buildActionMask = 2147483647;
			files = (
			);
			runOnlyForDeploymentPostprocessing = 0;
		};
/* End PBXFrameworksBuildPhase section */

/* Begin PBXGroup section */
		35F2B8541BB4E0CE00FB70CC = {
			isa = PBXGroup;
			children = (
				35F2B85F1BB4E0CF00FB70CC /* CoreDataTest */,
				35F2B8791BB4E0CF00FB70CC /* CoreDataTestTests */,
				35F2B85E1BB4E0CF00FB70CC /* Products */,
				76A379B56504C8F6D5026764 /* Pods */,
				787F20376CB30376ACCDF2FB /* Frameworks */,
			);
			sourceTree = "<group>";
		};
		35F2B85E1BB4E0CF00FB70CC /* Products */ = {
			isa = PBXGroup;
			children = (
				35F2B85D1BB4E0CF00FB70CC /* CoreDataTest.app */,
				35F2B8761BB4E0CF00FB70CC /* CoreDataTestTests.xctest */,
			);
			name = Products;
			sourceTree = "<group>";
		};
		35F2B85F1BB4E0CF00FB70CC /* CoreDataTest */ = {
			isa = PBXGroup;
			children = (
				35F2B8641BB4E0CF00FB70CC /* AppDelegate.h */,
				35F2B8651BB4E0CF00FB70CC /* AppDelegate.m */,
				35F2B8671BB4E0CF00FB70CC /* ViewController.h */,
				35F2B8681BB4E0CF00FB70CC /* ViewController.m */,
				351DB14F1BB924A0006FF345 /* House.h */,
				351DB1501BB924A0006FF345 /* House.m */,
				351DB1511BB924A0006FF345 /* Father.h */,
				351DB1521BB924A0006FF345 /* Father.m */,
				35F2B8861BB4E59300FB70CC /* TestDataModel.xcdatamodeld */,
				35F2B88C1BB4E74A00FB70CC /* Person.h */,
				35F2B88D1BB4E74A00FB70CC /* Person.m */,
				35F2B8911BB5264800FB70CC /* Child.h */,
				35F2B8921BB5264800FB70CC /* Child.m */,
				35F2B86A1BB4E0CF00FB70CC /* Main.storyboard */,
				35F2B86D1BB4E0CF00FB70CC /* Images.xcassets */,
				35F2B86F1BB4E0CF00FB70CC /* LaunchScreen.xib */,
				35F2B8601BB4E0CF00FB70CC /* Supporting Files */,
			);
			path = CoreDataTest;
			sourceTree = "<group>";
		};
		35F2B8601BB4E0CF00FB70CC /* Supporting Files */ = {
			isa = PBXGroup;
			children = (
				35F2B8611BB4E0CF00FB70CC /* Info.plist */,
				35F2B8621BB4E0CF00FB70CC /* main.m */,
			);
			name = "Supporting Files";
			sourceTree = "<group>";
		};
		35F2B8791BB4E0CF00FB70CC /* CoreDataTestTests */ = {
			isa = PBXGroup;
			children = (
				35F2B87C1BB4E0CF00FB70CC /* CoreDataTestTests.m */,
				35F2B87A1BB4E0CF00FB70CC /* Supporting Files */,
			);
			path = CoreDataTestTests;
			sourceTree = "<group>";
		};
		35F2B87A1BB4E0CF00FB70CC /* Supporting Files */ = {
			isa = PBXGroup;
			children = (
				35F2B87B1BB4E0CF00FB70CC /* Info.plist */,
				35F2B8901BB4E80200FB70CC /* CoreDataTest-Prefix.pch */,
			);
			name = "Supporting Files";
			sourceTree = "<group>";
		};
		76A379B56504C8F6D5026764 /* Pods */ = {
			isa = PBXGroup;
			children = (
				7739E18C2FE4D2041EE4C1E6 /* Pods.debug.xcconfig */,
				48B27FBA5E879C6FC46F569B /* Pods.release.xcconfig */,
			);
			name = Pods;
			sourceTree = "<group>";
		};
		787F20376CB30376ACCDF2FB /* Frameworks */ = {
			isa = PBXGroup;
			children = (
				D7EF0DC088D31709274D92C5 /* libPods.a */,
			);
			name = Frameworks;
			sourceTree = "<group>";
		};
/* End PBXGroup section */

/* Begin PBXNativeTarget section */
		35F2B85C1BB4E0CF00FB70CC /* CoreDataTest */ = {
			isa = PBXNativeTarget;
			buildConfigurationList = 35F2B8801BB4E0CF00FB70CC /* Build configuration list for PBXNativeTarget "CoreDataTest" */;
			buildPhases = (
				083BF3905E3E1B5FF7A9E322 /* Check Pods Manifest.lock */,
				35F2B8591BB4E0CF00FB70CC /* Sources */,
				35F2B85A1BB4E0CF00FB70CC /* Frameworks */,
				35F2B85B1BB4E0CF00FB70CC /* Resources */,
				9D68BB13C3C796DA1A9084DC /* Copy Pods Resources */,
			);
			buildRules = (
			);
			dependencies = (
			);
			name = CoreDataTest;
			productName = CoreDataTest;
			productReference = 35F2B85D1BB4E0CF00FB70CC /* CoreDataTest.app */;
			productType = "com.apple.product-type.application";
		};
		35F2B8751BB4E0CF00FB70CC /* CoreDataTestTests */ = {
			isa = PBXNativeTarget;
			buildConfigurationList = 35F2B8831BB4E0CF00FB70CC /* Build configuration list for PBXNativeTarget "CoreDataTestTests" */;
			buildPhases = (
				35F2B8721BB4E0CF00FB70CC /* Sources */,
				35F2B8731BB4E0CF00FB70CC /* Frameworks */,
				35F2B8741BB4E0CF00FB70CC /* Resources */,
			);
			buildRules = (
			);
			dependencies = (
				35F2B8781BB4E0CF00FB70CC /* PBXTargetDependency */,
			);
			name = CoreDataTestTests;
			productName = CoreDataTestTests;
			productReference = 35F2B8761BB4E0CF00FB70CC /* CoreDataTestTests.xctest */;
			productType = "com.apple.product-type.bundle.unit-test";
		};
/* End PBXNativeTarget section */

/* Begin PBXProject section */
		35F2B8551BB4E0CE00FB70CC /* Project object */ = {
			isa = PBXProject;
			attributes = {
				LastUpgradeCheck = 0640;
				ORGANIZATIONNAME = " TB-home";
				TargetAttributes = {
					35F2B85C1BB4E0CF00FB70CC = {
						CreatedOnToolsVersion = 6.4;
					};
					35F2B8751BB4E0CF00FB70CC = {
						CreatedOnToolsVersion = 6.4;
						TestTargetID = 35F2B85C1BB4E0CF00FB70CC;
					};
				};
			};
			buildConfigurationList = 35F2B8581BB4E0CE00FB70CC /* Build configuration list for PBXProject "CoreDataTest" */;
			compatibilityVersion = "Xcode 3.2";
			developmentRegion = English;
			hasScannedForEncodings = 0;
			knownRegions = (
				en,
				Base,
			);
			mainGroup = 35F2B8541BB4E0CE00FB70CC;
			productRefGroup = 35F2B85E1BB4E0CF00FB70CC /* Products */;
			projectDirPath = "";
			projectRoot = "";
			targets = (
				35F2B85C1BB4E0CF00FB70CC /* CoreDataTest */,
				35F2B8751BB4E0CF00FB70CC /* CoreDataTestTests */,
			);
		};
/* End PBXProject section */

/* Begin PBXResourcesBuildPhase section */
		35F2B85B1BB4E0CF00FB70CC /* Resources */ = {
			isa = PBXResourcesBuildPhase;
			buildActionMask = 2147483647;
			files = (
				35F2B86C1BB4E0CF00FB70CC /* Main.storyboard in Resources */,
				35F2B8711BB4E0CF00FB70CC /* LaunchScreen.xib in Resources */,
				35F2B86E1BB4E0CF00FB70CC /* Images.xcassets in Resources */,
			);
			runOnlyForDeploymentPostprocessing = 0;
		};
		35F2B8741BB4E0CF00FB70CC /* Resources */ = {
			isa = PBXResourcesBuildPhase;
			buildActionMask = 2147483647;
			files = (
			);
			runOnlyForDeploymentPostprocessing = 0;
		};
/* End PBXResourcesBuildPhase section */

/* Begin PBXShellScriptBuildPhase section */
		083BF3905E3E1B5FF7A9E322 /* Check Pods Manifest.lock */ = {
			isa = PBXShellScriptBuildPhase;
			buildActionMask = 2147483647;
			files = (
			);
			inputPaths = (
			);
			name = "Check Pods Manifest.lock";
			outputPaths = (
			);
			runOnlyForDeploymentPostprocessing = 0;
			shellPath = /bin/sh;
			shellScript = "diff \"${PODS_ROOT}/../Podfile.lock\" \"${PODS_ROOT}/Manifest.lock\" > /dev/null\nif [[ $? != 0 ]] ; then\n    cat << EOM\nerror: The sandbox is not in sync with the Podfile.lock. Run 'pod install' or update your CocoaPods installation.\nEOM\n    exit 1\nfi\n";
			showEnvVarsInLog = 0;
		};
		9D68BB13C3C796DA1A9084DC /* Copy Pods Resources */ = {
			isa = PBXShellScriptBuildPhase;
			buildActionMask = 2147483647;
			files = (
			);
			inputPaths = (
			);
			name = "Copy Pods Resources";
			outputPaths = (
			);
			runOnlyForDeploymentPostprocessing = 0;
			shellPath = /bin/sh;
			shellScript = "\"${SRCROOT}/Pods/Target Support Files/Pods/Pods-resources.sh\"\n";
			showEnvVarsInLog = 0;
		};
/* End PBXShellScriptBuildPhase section */

/* Begin PBXSourcesBuildPhase section */
		35F2B8591BB4E0CF00FB70CC /* Sources */ = {
			isa = PBXSourcesBuildPhase;
			buildActionMask = 2147483647;
			files = (
				351DB1531BB924A0006FF345 /* House.m in Sources */,
				35F2B8931BB5264800FB70CC /* Child.m in Sources */,
				35F2B8691BB4E0CF00FB70CC /* ViewController.m in Sources */,
				35F2B8881BB4E59300FB70CC /* TestDataModel.xcdatamodeld in Sources */,
				35F2B88E1BB4E74A00FB70CC /* Person.m in Sources */,
				351DB1541BB924A0006FF345 /* Father.m in Sources */,
				35F2B8661BB4E0CF00FB70CC /* AppDelegate.m in Sources */,
				35F2B8631BB4E0CF00FB70CC /* main.m in Sources */,
			);
			runOnlyForDeploymentPostprocessing = 0;
		};
		35F2B8721BB4E0CF00FB70CC /* Sources */ = {
			isa = PBXSourcesBuildPhase;
			buildActionMask = 2147483647;
			files = (
				35F2B87D1BB4E0CF00FB70CC /* CoreDataTestTests.m in Sources */,
			);
			runOnlyForDeploymentPostprocessing = 0;
		};
/* End PBXSourcesBuildPhase section */

/* Begin PBXTargetDependency section */
		35F2B8781BB4E0CF00FB70CC /* PBXTargetDependency */ = {
			isa = PBXTargetDependency;
			target = 35F2B85C1BB4E0CF00FB70CC /* CoreDataTest */;
			targetProxy = 35F2B8771BB4E0CF00FB70CC /* PBXContainerItemProxy */;
		};
/* End PBXTargetDependency section */

/* Begin PBXVariantGroup section */
		35F2B86A1BB4E0CF00FB70CC /* Main.storyboard */ = {
			isa = PBXVariantGroup;
			children = (
				35F2B86B1BB4E0CF00FB70CC /* Base */,
			);
			name = Main.storyboard;
			sourceTree = "<group>";
		};
		35F2B86F1BB4E0CF00FB70CC /* LaunchScreen.xib */ = {
			isa = PBXVariantGroup;
			children = (
				35F2B8701BB4E0CF00FB70CC /* Base */,
			);
			name = LaunchScreen.xib;
			sourceTree = "<group>";
		};
/* End PBXVariantGroup section */

/* Begin XCBuildConfiguration section */
		35F2B87E1BB4E0CF00FB70CC /* Debug */ = {
			isa = XCBuildConfiguration;
			buildSettings = {
				ALWAYS_SEARCH_USER_PATHS = NO;
				CLANG_CXX_LANGUAGE_STANDARD = "gnu++0x";
				CLANG_CXX_LIBRARY = "libc++";
				CLANG_ENABLE_MODULES = YES;
				CLANG_ENABLE_OBJC_ARC = YES;
				CLANG_WARN_BOOL_CONVERSION = YES;
				CLANG_WARN_CONSTANT_CONVERSION = YES;
				CLANG_WARN_DIRECT_OBJC_ISA_USAGE = YES_ERROR;
				CLANG_WARN_EMPTY_BODY = YES;
				CLANG_WARN_ENUM_CONVERSION = YES;
				CLANG_WARN_INT_CONVERSION = YES;
				CLANG_WARN_OBJC_ROOT_CLASS = YES_ERROR;
				CLANG_WARN_UNREACHABLE_CODE = YES;
				CLANG_WARN__DUPLICATE_METHOD_MATCH = YES;
				"CODE_SIGN_IDENTITY[sdk=iphoneos*]" = "iPhone Developer";
				COPY_PHASE_STRIP = NO;
				DEBUG_INFORMATION_FORMAT = "dwarf-with-dsym";
				ENABLE_STRICT_OBJC_MSGSEND = YES;
				GCC_C_LANGUAGE_STANDARD = gnu99;
				GCC_DYNAMIC_NO_PIC = NO;
				GCC_NO_COMMON_BLOCKS = YES;
				GCC_OPTIMIZATION_LEVEL = 0;
				GCC_PREPROCESSOR_DEFINITIONS = (
					"DEBUG=1",
					"$(inherited)",
				);
				GCC_SYMBOLS_PRIVATE_EXTERN = NO;
				GCC_WARN_64_TO_32_BIT_CONVERSION = YES;
				GCC_WARN_ABOUT_RETURN_TYPE = YES_ERROR;
				GCC_WARN_UNDECLARED_SELECTOR = YES;
				GCC_WARN_UNINITIALIZED_AUTOS = YES_AGGRESSIVE;
				GCC_WARN_UNUSED_FUNCTION = YES;
				GCC_WARN_UNUSED_VARIABLE = YES;
				IPHONEOS_DEPLOYMENT_TARGET = 8.4;
				MTL_ENABLE_DEBUG_INFO = YES;
				ONLY_ACTIVE_ARCH = YES;
				SDKROOT = iphoneos;
				TARGETED_DEVICE_FAMILY = "1,2";
			};
			name = Debug;
		};
		35F2B87F1BB4E0CF00FB70CC /* Release */ = {
			isa = XCBuildConfiguration;
			buildSettings = {
				ALWAYS_SEARCH_USER_PATHS = NO;
				CLANG_CXX_LANGUAGE_STANDARD = "gnu++0x";
				CLANG_CXX_LIBRARY = "libc++";
				CLANG_ENABLE_MODULES = YES;
				CLANG_ENABLE_OBJC_ARC = YES;
				CLANG_WARN_BOOL_CONVERSION = YES;
				CLANG_WARN_CONSTANT_CONVERSION = YES;
				CLANG_WARN_DIRECT_OBJC_ISA_USAGE = YES_ERROR;
				CLANG_WARN_EMPTY_BODY = YES;
				CLANG_WARN_ENUM_CONVERSION = YES;
				CLANG_WARN_INT_CONVERSION = YES;
				CLANG_WARN_OBJC_ROOT_CLASS = YES_ERROR;
				CLANG_WARN_UNREACHABLE_CODE = YES;
				CLANG_WARN__DUPLICATE_METHOD_MATCH = YES;
				"CODE_SIGN_IDENTITY[sdk=iphoneos*]" = "iPhone Developer";
				COPY_PHASE_STRIP = NO;
				DEBUG_INFORMATION_FORMAT = "dwarf-with-dsym";
				ENABLE_NS_ASSERTIONS = NO;
				ENABLE_STRICT_OBJC_MSGSEND = YES;
				GCC_C_LANGUAGE_STANDARD = gnu99;
				GCC_NO_COMMON_BLOCKS = YES;
				GCC_WARN_64_TO_32_BIT_CONVERSION = YES;
				GCC_WARN_ABOUT_RETURN_TYPE = YES_ERROR;
				GCC_WARN_UNDECLARED_SELECTOR = YES;
				GCC_WARN_UNINITIALIZED_AUTOS = YES_AGGRESSIVE;
				GCC_WARN_UNUSED_FUNCTION = YES;
				GCC_WARN_UNUSED_VARIABLE = YES;
				IPHONEOS_DEPLOYMENT_TARGET = 8.4;
				MTL_ENABLE_DEBUG_INFO = NO;
				SDKROOT = iphoneos;
				TARGETED_DEVICE_FAMILY = "1,2";
				VALIDATE_PRODUCT = YES;
			};
			name = Release;
		};
		35F2B8811BB4E0CF00FB70CC /* Debug */ = {
			isa = XCBuildConfiguration;
			baseConfigurationReference = 7739E18C2FE4D2041EE4C1E6 /* Pods.debug.xcconfig */;
			buildSettings = {
				ASSETCATALOG_COMPILER_APPICON_NAME = AppIcon;
				CODE_SIGN_IDENTITY = "iPhone Developer: Peng Yi (64N296JUKB)";
				GCC_PRECOMPILE_PREFIX_HEADER = YES;
				GCC_PREFIX_HEADER = "CoreDataTestTests/CoreDataTest-Prefix.pch";
				INFOPLIST_FILE = CoreDataTest/Info.plist;
				LD_RUNPATH_SEARCH_PATHS = "$(inherited) @executable_path/Frameworks";
				PRODUCT_NAME = "$(TARGET_NAME)";
				PROVISIONING_PROFILE = "11f148ab-6a73-41a6-928c-1ee397c17c9a";
				"PROVISIONING_PROFILE[sdk=*]" = "11f148ab-6a73-41a6-928c-1ee397c17c9a";
			};
			name = Debug;
		};
		35F2B8821BB4E0CF00FB70CC /* Release */ = {
			isa = XCBuildConfiguration;
			baseConfigurationReference = 48B27FBA5E879C6FC46F569B /* Pods.release.xcconfig */;
			buildSettings = {
				ASSETCATALOG_COMPILER_APPICON_NAME = AppIcon;
				CODE_SIGN_IDENTITY = "iPhone Developer: Peng Yi (64N296JUKB)";
				GCC_PRECOMPILE_PREFIX_HEADER = YES;
				GCC_PREFIX_HEADER = "CoreDataTestTests/CoreDataTest-Prefix.pch";
				INFOPLIST_FILE = CoreDataTest/Info.plist;
				LD_RUNPATH_SEARCH_PATHS = "$(inherited) @executable_path/Frameworks";
				PRODUCT_NAME = "$(TARGET_NAME)";
				PROVISIONING_PROFILE = "11f148ab-6a73-41a6-928c-1ee397c17c9a";
				"PROVISIONING_PROFILE[sdk=*]" = "11f148ab-6a73-41a6-928c-1ee397c17c9a";
			};
			name = Release;
		};
		35F2B8841BB4E0CF00FB70CC /* Debug */ = {
			isa = XCBuildConfiguration;
			buildSettings = {
				BUNDLE_LOADER = "$(TEST_HOST)";
				FRAMEWORK_SEARCH_PATHS = (
					"$(SDKROOT)/Developer/Library/Frameworks",
					"$(inherited)",
				);
				GCC_PREPROCESSOR_DEFINITIONS = (
					"DEBUG=1",
					"$(inherited)",
				);
				INFOPLIST_FILE = CoreDataTestTests/Info.plist;
				LD_RUNPATH_SEARCH_PATHS = "$(inherited) @executable_path/Frameworks @loader_path/Frameworks";
				PRODUCT_NAME = "$(TARGET_NAME)";
				TEST_HOST = "$(BUILT_PRODUCTS_DIR)/CoreDataTest.app/CoreDataTest";
			};
			name = Debug;
		};
		35F2B8851BB4E0CF00FB70CC /* Release */ = {
			isa = XCBuildConfiguration;
			buildSettings = {
				BUNDLE_LOADER = "$(TEST_HOST)";
				FRAMEWORK_SEARCH_PATHS = (
					"$(SDKROOT)/Developer/Library/Frameworks",
					"$(inherited)",
				);
				INFOPLIST_FILE = CoreDataTestTests/Info.plist;
				LD_RUNPATH_SEARCH_PATHS = "$(inherited) @executable_path/Frameworks @loader_path/Frameworks";
				PRODUCT_NAME = "$(TARGET_NAME)";
				TEST_HOST = "$(BUILT_PRODUCTS_DIR)/CoreDataTest.app/CoreDataTest";
			};
			name = Release;
		};
/* End XCBuildConfiguration section */

/* Begin XCConfigurationList section */
		35F2B8581BB4E0CE00FB70CC /* Build configuration list for PBXProject "CoreDataTest" */ = {
			isa = XCConfigurationList;
			buildConfigurations = (
				35F2B87E1BB4E0CF00FB70CC /* Debug */,
				35F2B87F1BB4E0CF00FB70CC /* Release */,
			);
			defaultConfigurationIsVisible = 0;
			defaultConfigurationName = Release;
		};
		35F2B8801BB4E0CF00FB70CC /* Build configuration list for PBXNativeTarget "CoreDataTest" */ = {
			isa = XCConfigurationList;
			buildConfigurations = (
				35F2B8811BB4E0CF00FB70CC /* Debug */,
				35F2B8821BB4E0CF00FB70CC /* Release */,
			);
			defaultConfigurationIsVisible = 0;
			defaultConfigurationName = Release;
		};
		35F2B8831BB4E0CF00FB70CC /* Build configuration list for PBXNativeTarget "CoreDataTestTests" */ = {
			isa = XCConfigurationList;
			buildConfigurations = (
				35F2B8841BB4E0CF00FB70CC /* Debug */,
				35F2B8851BB4E0CF00FB70CC /* Release */,
			);
			defaultConfigurationIsVisible = 0;
			defaultConfigurationName = Release;
		};
/* End XCConfigurationList section */

/* Begin XCVersionGroup section */
		35F2B8861BB4E59300FB70CC /* TestDataModel.xcdatamodeld */ = {
			isa = XCVersionGroup;
			children = (
				35F2B8871BB4E59300FB70CC /* TestDataModel.xcdatamodel */,
			);
			currentVersion = 35F2B8871BB4E59300FB70CC /* TestDataModel.xcdatamodel */;
			path = TestDataModel.xcdatamodeld;
			sourceTree = "<group>";
			versionGroupType = wrapper.xcdatamodel;
		};
/* End XCVersionGroup section */
	};
	rootObject = 35F2B8551BB4E0CE00FB70CC /* Project object */;
}
